<Solution>
  <Project Path="BookManagement.Application/BookManagement.Application.csproj" />
  <Project Path="BookManagement.Domain/BookManagement.Domain.csproj" />
  <Project Path="BookManagement.Infrastructure/BookManagement.Infrastructure.csproj" />
  <Project Path="BookManagement/BookManagement.csproj" />
</Solution>
